
Microsoft Visual Studio Solution File, Format Version 12.00
# Visual Studio 15
VisualStudioVersion = 15.0.27130.2010
MinimumVisualStudioVersion = 10.0.40219.1
Project("{FAE04EC0-301F-11D3-BF4B-00C04F79EFBC}") = "Chatter", "Chatter\Chatter.csproj", "{994552B6-8513-4AA8-8443-743C13ED9B47}"
EndProject
Global
	GlobalSection(SolutionConfigurationPlatforms) = preSolution
		Debug|Any CPU = Debug|Any CPU
		Release|Any CPU = Release|Any CPU
	EndGlobalSection
	GlobalSection(ProjectConfigurationPlatforms) = postSolution
		{994552B6-8513-4AA8-8443-743C13ED9B47}.Debug|Any CPU.ActiveCfg = Debug|Any CPU
		{994552B6-8513-4AA8-8443-743C13ED9B47}.Debug|Any CPU.Build.0 = Debug|Any CPU
		{994552B6-8513-4AA8-8443-743C13ED9B47}.Release|Any CPU.ActiveCfg = Release|Any CPU
		{994552B6-8513-4AA8-8443-743C13ED9B47}.Release|Any CPU.Build.0 = Release|Any CPU
	EndGlobalSection
	GlobalSection(SolutionProperties) = preSolution
		HideSolutionNode = FALSE
	EndGlobalSection
	GlobalSection(ExtensibilityGlobals) = postSolution
		SolutionGuid = {D8A07640-2F36-4817-9860-59CC8264FCE1}
	EndGlobalSection
EndGlobal
